Microsoft Visual Studio Solution File, Format Version 12.00
# Visual Studio Version 17
VisualStudioVersion = 17.10.34916.146
MinimumVisualStudioVersion = 10.0.40219.1
Project("{9A19103F-16F7-4668-BE54-9A1E7A4F7556}") = "saltstone", "saltstone\saltstone.csproj", "{28261296-D22D-4589-89D3-B5AB32FDDE99}"
EndProject
Project("{8BC9CEB8-8B4A-11D0-8D11-00A0C91BC942}") = "saltstone_auplugin", "saltstone_auplugin\saltstone_auplugin.vcxproj", "{030C2936-D8A5-4B8E-972A-18B3C9262E81}"
EndProject
Project("{2150E333-8FDC-42A3-9474-1A3956D46DE8}") = "Solution Items", "Solution Items", "{0BD252D7-7544-4E55-8A0A-A1D9576E02C2}"
	ProjectSection(SolutionItems) = preProject
		.editorconfig = .editorconfig
	EndProjectSection
EndProject
Project("{8BC9CEB8-8B4A-11D0-8D11-00A0C91BC942}") = "SaltstoneLua", "SaltstoneLua\SaltstoneLua.vcxproj", "{D9F88034-23EC-47FC-AE19-29691463ECB4}"
EndProject
Project("{9A19103F-16F7-4668-BE54-9A1E7A4F7556}") = "saltsupport", "saltsupport\saltsupport.csproj", "{5420EF15-E27D-469E-961C-4BEC222E008F}"
EndProject
Project("{9A19103F-16F7-4668-BE54-9A1E7A4F7556}") = "SaltstoneSetup", "SaltstoneSetup\SaltstoneSetup.csproj", "{6A576AC7-C9AF-41EB-BAE3-CF3618359F91}"
EndProject
Project("{FAE04EC0-301F-11D3-BF4B-00C04F79EFBC}") = "saltstonevocalization", "vocalization\saltstonevocalization.csproj", "{5CF6E294-1569-4925-97B3-4BDFD807ECCF}"
EndProject
Project("{9A19103F-16F7-4668-BE54-9A1E7A4F7556}") = "SaltstoneChara", "SaltstoneChara\SaltstoneChara.csproj", "{DD88454A-E89D-44BC-9D81-C22EDBCA0D0D}"
EndProject
Project("{9A19103F-16F7-4668-BE54-9A1E7A4F7556}") = "SalststoneLibrary", "SalststoneCharaLibrary\SalststoneLibrary.csproj", "{CA45F342-9021-40F4-B9FE-9774F28651EC}"
EndProject
Project("{9A19103F-16F7-4668-BE54-9A1E7A4F7556}") = "ReadJEnc", "ReadJEnc\ReadJEnc.csproj", "{CF596D37-CF37-4BC5-9587-F3EBA06D8163}"
EndProject
Project("{8BC9CEB8-8B4A-11D0-8D11-00A0C91BC942}") = "imaging", "imaging\imaging.vcxproj", "{62D5D8D0-7844-49BA-BBDC-812414C622F6}"
EndProject
Project("{8BC9CEB8-8B4A-11D0-8D11-00A0C91BC942}") = "saltstoneimage", "saltstoneimage\saltstoneimage.vcxproj", "{C83BF423-0CC3-409E-B66E-10C251AD7A50}"
EndProject
Project("{9A19103F-16F7-4668-BE54-9A1E7A4F7556}") = "SaltstoneFace", "SaltstoneFace\SaltstoneFace.csproj", "{FA2C7D12-1AAB-436B-A7A6-A267D8B4FC43}"
EndProject
Project("{9A19103F-16F7-4668-BE54-9A1E7A4F7556}") = "SLibAppinfo", "SLibAppinfo\SLibAppinfo.csproj", "{51E0A093-6D3C-43F4-9484-87B040851835}"
EndProject
Project("{9A19103F-16F7-4668-BE54-9A1E7A4F7556}") = "SLibChara_Make", "SLibChara_Make\SLibChara_Make.csproj", "{379898D7-E088-4C2C-81FB-E87E5F8692A0}"
EndProject
Project("{9A19103F-16F7-4668-BE54-9A1E7A4F7556}") = "LabeledPictureBox", "LabeledPictureBox\LabeledPictureBox.csproj", "{FB8660AC-A217-415A-9E00-548A5F78B494}"
EndProject
Project("{FAE04EC0-301F-11D3-BF4B-00C04F79EFBC}") = "SLibPSD", "SLibPSD\SLibPSD.csproj", "{515FE35D-8579-4F15-AE76-EAEB308E5870}"
EndProject
Project("{FAE04EC0-301F-11D3-BF4B-00C04F79EFBC}") = "saltstoneLibretto", "saltstoneLibretto\saltstoneLibretto.csproj", "{42B51C04-62E9-41E7-8639-2E91CF98172F}"
EndProject
Project("{9A19103F-16F7-4668-BE54-9A1E7A4F7556}") = "saltstonevoice_aq", "..\saltstonevoice_aq\saltstonevoice_aq\saltstonevoice_aq.csproj", "{533D8A6F-4EE2-4581-BE92-55620DDE5308}"
EndProject
Project("{9A19103F-16F7-4668-BE54-9A1E7A4F7556}") = "SLibVoice", "SLibVoice\SLibVoice.csproj", "{F5E228B2-34E4-4314-B191-F61FFDF86996}"
EndProject
Project("{9A19103F-16F7-4668-BE54-9A1E7A4F7556}") = "SLibChara", "SLibChara\SLibChara.csproj", "{82456F84-84DF-4F35-8E79-5F2F0A2824E6}"
EndProject
Project("{9A19103F-16F7-4668-BE54-9A1E7A4F7556}") = "SLibGlobals", "SLibGlobals\SLibGlobals.csproj", "{026144CC-1130-47C8-B3C7-A3DF52CC4DB7}"
EndProject
Project("{9A19103F-16F7-4668-BE54-9A1E7A4F7556}") = "sqlite", "sqlite\sqlite.csproj", "{76C3E27B-F974-4A0A-BCEB-4934803DFA7D}"
EndProject
Project("{9A19103F-16F7-4668-BE54-9A1E7A4F7556}") = "SLibMemory", "SLibMemory\SLibMemory.csproj", "{D13FB0EB-7AFA-46BE-AFE0-3227153B5CCD}"
EndProject
Project("{9A19103F-16F7-4668-BE54-9A1E7A4F7556}") = "Utils", "..\Slibs\Utils\Utils.csproj", "{9B78BE18-2170-4678-B956-B420AA2A8AD5}"
EndProject
Global
	GlobalSection(SolutionConfigurationPlatforms) = preSolution
		Debug|Any CPU = Debug|Any CPU
		Debug|x64 = Debug|x64
		Debug|x86 = Debug|x86
		MinSizeRel|Any CPU = MinSizeRel|Any CPU
		MinSizeRel|x64 = MinSizeRel|x64
		MinSizeRel|x86 = MinSizeRel|x86
		Release|Any CPU = Release|Any CPU
		Release|x64 = Release|x64
		Release|x86 = Release|x86
		RelWithDebInfo|Any CPU = RelWithDebInfo|Any CPU
		RelWithDebInfo|x64 = RelWithDebInfo|x64
		RelWithDebInfo|x86 = RelWithDebInfo|x86
	EndGlobalSection
	GlobalSection(ProjectConfigurationPlatforms) = postSolution
		{28261296-D22D-4589-89D3-B5AB32FDDE99}.Debug|Any CPU.ActiveCfg = Debug|Any CPU
		{28261296-D22D-4589-89D3-B5AB32FDDE99}.Debug|Any CPU.Build.0 = Debug|Any CPU
		{28261296-D22D-4589-89D3-B5AB32FDDE99}.Debug|x64.ActiveCfg = Debug|Any CPU
		{28261296-D22D-4589-89D3-B5AB32FDDE99}.Debug|x64.Build.0 = Debug|Any CPU
		{28261296-D22D-4589-89D3-B5AB32FDDE99}.Debug|x86.ActiveCfg = Debug|Any CPU
		{28261296-D22D-4589-89D3-B5AB32FDDE99}.Debug|x86.Build.0 = Debug|Any CPU
		{28261296-D22D-4589-89D3-B5AB32FDDE99}.MinSizeRel|Any CPU.ActiveCfg = Release|Any CPU
		{28261296-D22D-4589-89D3-B5AB32FDDE99}.MinSizeRel|Any CPU.Build.0 = Release|Any CPU
		{28261296-D22D-4589-89D3-B5AB32FDDE99}.MinSizeRel|x64.ActiveCfg = Release|Any CPU
		{28261296-D22D-4589-89D3-B5AB32FDDE99}.MinSizeRel|x64.Build.0 = Release|Any CPU
		{28261296-D22D-4589-89D3-B5AB32FDDE99}.MinSizeRel|x86.ActiveCfg = Release|Any CPU
		{28261296-D22D-4589-89D3-B5AB32FDDE99}.MinSizeRel|x86.Build.0 = Release|Any CPU
		{28261296-D22D-4589-89D3-B5AB32FDDE99}.Release|Any CPU.ActiveCfg = Release|Any CPU
		{28261296-D22D-4589-89D3-B5AB32FDDE99}.Release|Any CPU.Build.0 = Release|Any CPU
		{28261296-D22D-4589-89D3-B5AB32FDDE99}.Release|x64.ActiveCfg = Release|Any CPU
		{28261296-D22D-4589-89D3-B5AB32FDDE99}.Release|x64.Build.0 = Release|Any CPU
		{28261296-D22D-4589-89D3-B5AB32FDDE99}.Release|x86.ActiveCfg = Release|Any CPU
		{28261296-D22D-4589-89D3-B5AB32FDDE99}.Release|x86.Build.0 = Release|Any CPU
		{28261296-D22D-4589-89D3-B5AB32FDDE99}.RelWithDebInfo|Any CPU.ActiveCfg = Release|Any CPU
		{28261296-D22D-4589-89D3-B5AB32FDDE99}.RelWithDebInfo|Any CPU.Build.0 = Release|Any CPU
		{28261296-D22D-4589-89D3-B5AB32FDDE99}.RelWithDebInfo|x64.ActiveCfg = Release|Any CPU
		{28261296-D22D-4589-89D3-B5AB32FDDE99}.RelWithDebInfo|x64.Build.0 = Release|Any CPU
		{28261296-D22D-4589-89D3-B5AB32FDDE99}.RelWithDebInfo|x86.ActiveCfg = Release|Any CPU
		{28261296-D22D-4589-89D3-B5AB32FDDE99}.RelWithDebInfo|x86.Build.0 = Release|Any CPU
		{030C2936-D8A5-4B8E-972A-18B3C9262E81}.Debug|Any CPU.ActiveCfg = Debug|Win32
		{030C2936-D8A5-4B8E-972A-18B3C9262E81}.Debug|x64.ActiveCfg = Debug|Win32
		{030C2936-D8A5-4B8E-972A-18B3C9262E81}.Debug|x64.Build.0 = Debug|Win32
		{030C2936-D8A5-4B8E-972A-18B3C9262E81}.Debug|x86.ActiveCfg = Debug|Win32
		{030C2936-D8A5-4B8E-972A-18B3C9262E81}.Debug|x86.Build.0 = Debug|Win32
		{030C2936-D8A5-4B8E-972A-18B3C9262E81}.MinSizeRel|Any CPU.ActiveCfg = Debug|x64
		{030C2936-D8A5-4B8E-972A-18B3C9262E81}.MinSizeRel|Any CPU.Build.0 = Debug|x64
		{030C2936-D8A5-4B8E-972A-18B3C9262E81}.MinSizeRel|x64.ActiveCfg = Debug|x64
		{030C2936-D8A5-4B8E-972A-18B3C9262E81}.MinSizeRel|x64.Build.0 = Debug|x64
		{030C2936-D8A5-4B8E-972A-18B3C9262E81}.MinSizeRel|x86.ActiveCfg = Release|Win32
		{030C2936-D8A5-4B8E-972A-18B3C9262E81}.MinSizeRel|x86.Build.0 = Release|Win32
		{030C2936-D8A5-4B8E-972A-18B3C9262E81}.Release|Any CPU.ActiveCfg = Release|Win32
		{030C2936-D8A5-4B8E-972A-18B3C9262E81}.Release|x64.ActiveCfg = Release|x64
		{030C2936-D8A5-4B8E-972A-18B3C9262E81}.Release|x64.Build.0 = Release|x64
		{030C2936-D8A5-4B8E-972A-18B3C9262E81}.Release|x86.ActiveCfg = Release|Win32
		{030C2936-D8A5-4B8E-972A-18B3C9262E81}.Release|x86.Build.0 = Release|Win32
		{030C2936-D8A5-4B8E-972A-18B3C9262E81}.RelWithDebInfo|Any CPU.ActiveCfg = Debug|x64
		{030C2936-D8A5-4B8E-972A-18B3C9262E81}.RelWithDebInfo|Any CPU.Build.0 = Debug|x64
		{030C2936-D8A5-4B8E-972A-18B3C9262E81}.RelWithDebInfo|x64.ActiveCfg = Release|x64
		{030C2936-D8A5-4B8E-972A-18B3C9262E81}.RelWithDebInfo|x64.Build.0 = Release|x64
		{030C2936-D8A5-4B8E-972A-18B3C9262E81}.RelWithDebInfo|x86.ActiveCfg = Release|Win32
		{030C2936-D8A5-4B8E-972A-18B3C9262E81}.RelWithDebInfo|x86.Build.0 = Release|Win32
		{D9F88034-23EC-47FC-AE19-29691463ECB4}.Debug|Any CPU.ActiveCfg = Debug|Win32
		{D9F88034-23EC-47FC-AE19-29691463ECB4}.Debug|x64.ActiveCfg = Debug|Win32
		{D9F88034-23EC-47FC-AE19-29691463ECB4}.Debug|x64.Build.0 = Debug|Win32
		{D9F88034-23EC-47FC-AE19-29691463ECB4}.Debug|x86.ActiveCfg = Debug|Win32
		{D9F88034-23EC-47FC-AE19-29691463ECB4}.Debug|x86.Build.0 = Debug|Win32
		{D9F88034-23EC-47FC-AE19-29691463ECB4}.MinSizeRel|Any CPU.ActiveCfg = Debug|x64
		{D9F88034-23EC-47FC-AE19-29691463ECB4}.MinSizeRel|Any CPU.Build.0 = Debug|x64
		{D9F88034-23EC-47FC-AE19-29691463ECB4}.MinSizeRel|x64.ActiveCfg = Debug|x64
		{D9F88034-23EC-47FC-AE19-29691463ECB4}.MinSizeRel|x64.Build.0 = Debug|x64
		{D9F88034-23EC-47FC-AE19-29691463ECB4}.MinSizeRel|x86.ActiveCfg = Release|Win32
		{D9F88034-23EC-47FC-AE19-29691463ECB4}.MinSizeRel|x86.Build.0 = Release|Win32
		{D9F88034-23EC-47FC-AE19-29691463ECB4}.Release|Any CPU.ActiveCfg = Release|Win32
		{D9F88034-23EC-47FC-AE19-29691463ECB4}.Release|x64.ActiveCfg = Release|x64
		{D9F88034-23EC-47FC-AE19-29691463ECB4}.Release|x64.Build.0 = Release|x64
		{D9F88034-23EC-47FC-AE19-29691463ECB4}.Release|x86.ActiveCfg = Release|Win32
		{D9F88034-23EC-47FC-AE19-29691463ECB4}.Release|x86.Build.0 = Release|Win32
		{D9F88034-23EC-47FC-AE19-29691463ECB4}.RelWithDebInfo|Any CPU.ActiveCfg = Debug|x64
		{D9F88034-23EC-47FC-AE19-29691463ECB4}.RelWithDebInfo|Any CPU.Build.0 = Debug|x64
		{D9F88034-23EC-47FC-AE19-29691463ECB4}.RelWithDebInfo|x64.ActiveCfg = Release|x64
		{D9F88034-23EC-47FC-AE19-29691463ECB4}.RelWithDebInfo|x64.Build.0 = Release|x64
		{D9F88034-23EC-47FC-AE19-29691463ECB4}.RelWithDebInfo|x86.ActiveCfg = Release|Win32
		{D9F88034-23EC-47FC-AE19-29691463ECB4}.RelWithDebInfo|x86.Build.0 = Release|Win32
		{5420EF15-E27D-469E-961C-4BEC222E008F}.Debug|Any CPU.ActiveCfg = Debug|Any CPU
		{5420EF15-E27D-469E-961C-4BEC222E008F}.Debug|Any CPU.Build.0 = Debug|Any CPU
		{5420EF15-E27D-469E-961C-4BEC222E008F}.Debug|x64.ActiveCfg = Debug|Any CPU
		{5420EF15-E27D-469E-961C-4BEC222E008F}.Debug|x64.Build.0 = Debug|Any CPU
		{5420EF15-E27D-469E-961C-4BEC222E008F}.Debug|x86.ActiveCfg = Debug|Any CPU
		{5420EF15-E27D-469E-961C-4BEC222E008F}.Debug|x86.Build.0 = Debug|Any CPU
		{5420EF15-E27D-469E-961C-4BEC222E008F}.MinSizeRel|Any CPU.ActiveCfg = Release|Any CPU
		{5420EF15-E27D-469E-961C-4BEC222E008F}.MinSizeRel|Any CPU.Build.0 = Release|Any CPU
		{5420EF15-E27D-469E-961C-4BEC222E008F}.MinSizeRel|x64.ActiveCfg = Release|Any CPU
		{5420EF15-E27D-469E-961C-4BEC222E008F}.MinSizeRel|x64.Build.0 = Release|Any CPU
		{5420EF15-E27D-469E-961C-4BEC222E008F}.MinSizeRel|x86.ActiveCfg = Release|Any CPU
		{5420EF15-E27D-469E-961C-4BEC222E008F}.MinSizeRel|x86.Build.0 = Release|Any CPU
		{5420EF15-E27D-469E-961C-4BEC222E008F}.Release|Any CPU.ActiveCfg = Release|Any CPU
		{5420EF15-E27D-469E-961C-4BEC222E008F}.Release|Any CPU.Build.0 = Release|Any CPU
		{5420EF15-E27D-469E-961C-4BEC222E008F}.Release|x64.ActiveCfg = Release|Any CPU
		{5420EF15-E27D-469E-961C-4BEC222E008F}.Release|x64.Build.0 = Release|Any CPU
		{5420EF15-E27D-469E-961C-4BEC222E008F}.Release|x86.ActiveCfg = Release|Any CPU
		{5420EF15-E27D-469E-961C-4BEC222E008F}.Release|x86.Build.0 = Release|Any CPU
		{5420EF15-E27D-469E-961C-4BEC222E008F}.RelWithDebInfo|Any CPU.ActiveCfg = Release|Any CPU
		{5420EF15-E27D-469E-961C-4BEC222E008F}.RelWithDebInfo|Any CPU.Build.0 = Release|Any CPU
		{5420EF15-E27D-469E-961C-4BEC222E008F}.RelWithDebInfo|x64.ActiveCfg = Release|Any CPU
		{5420EF15-E27D-469E-961C-4BEC222E008F}.RelWithDebInfo|x64.Build.0 = Release|Any CPU
		{5420EF15-E27D-469E-961C-4BEC222E008F}.RelWithDebInfo|x86.ActiveCfg = Release|Any CPU
		{5420EF15-E27D-469E-961C-4BEC222E008F}.RelWithDebInfo|x86.Build.0 = Release|Any CPU
		{6A576AC7-C9AF-41EB-BAE3-CF3618359F91}.Debug|Any CPU.ActiveCfg = Debug|Any CPU
		{6A576AC7-C9AF-41EB-BAE3-CF3618359F91}.Debug|Any CPU.Build.0 = Debug|Any CPU
		{6A576AC7-C9AF-41EB-BAE3-CF3618359F91}.Debug|x64.ActiveCfg = Debug|Any CPU
		{6A576AC7-C9AF-41EB-BAE3-CF3618359F91}.Debug|x64.Build.0 = Debug|Any CPU
		{6A576AC7-C9AF-41EB-BAE3-CF3618359F91}.Debug|x86.ActiveCfg = Debug|Any CPU
		{6A576AC7-C9AF-41EB-BAE3-CF3618359F91}.Debug|x86.Build.0 = Debug|Any CPU
		{6A576AC7-C9AF-41EB-BAE3-CF3618359F91}.MinSizeRel|Any CPU.ActiveCfg = Release|Any CPU
		{6A576AC7-C9AF-41EB-BAE3-CF3618359F91}.MinSizeRel|Any CPU.Build.0 = Release|Any CPU
		{6A576AC7-C9AF-41EB-BAE3-CF3618359F91}.MinSizeRel|x64.ActiveCfg = Release|Any CPU
		{6A576AC7-C9AF-41EB-BAE3-CF3618359F91}.MinSizeRel|x64.Build.0 = Release|Any CPU
		{6A576AC7-C9AF-41EB-BAE3-CF3618359F91}.MinSizeRel|x86.ActiveCfg = Release|Any CPU
		{6A576AC7-C9AF-41EB-BAE3-CF3618359F91}.MinSizeRel|x86.Build.0 = Release|Any CPU
		{6A576AC7-C9AF-41EB-BAE3-CF3618359F91}.Release|Any CPU.ActiveCfg = Release|Any CPU
		{6A576AC7-C9AF-41EB-BAE3-CF3618359F91}.Release|Any CPU.Build.0 = Release|Any CPU
		{6A576AC7-C9AF-41EB-BAE3-CF3618359F91}.Release|x64.ActiveCfg = Release|Any CPU
		{6A576AC7-C9AF-41EB-BAE3-CF3618359F91}.Release|x64.Build.0 = Release|Any CPU
		{6A576AC7-C9AF-41EB-BAE3-CF3618359F91}.Release|x86.ActiveCfg = Release|Any CPU
		{6A576AC7-C9AF-41EB-BAE3-CF3618359F91}.Release|x86.Build.0 = Release|Any CPU
		{6A576AC7-C9AF-41EB-BAE3-CF3618359F91}.RelWithDebInfo|Any CPU.ActiveCfg = Release|Any CPU
		{6A576AC7-C9AF-41EB-BAE3-CF3618359F91}.RelWithDebInfo|Any CPU.Build.0 = Release|Any CPU
		{6A576AC7-C9AF-41EB-BAE3-CF3618359F91}.RelWithDebInfo|x64.ActiveCfg = Release|Any CPU
		{6A576AC7-C9AF-41EB-BAE3-CF3618359F91}.RelWithDebInfo|x64.Build.0 = Release|Any CPU
		{6A576AC7-C9AF-41EB-BAE3-CF3618359F91}.RelWithDebInfo|x86.ActiveCfg = Release|Any CPU
		{6A576AC7-C9AF-41EB-BAE3-CF3618359F91}.RelWithDebInfo|x86.Build.0 = Release|Any CPU
		{5CF6E294-1569-4925-97B3-4BDFD807ECCF}.Debug|Any CPU.ActiveCfg = Debug|Any CPU
		{5CF6E294-1569-4925-97B3-4BDFD807ECCF}.Debug|Any CPU.Build.0 = Debug|Any CPU
		{5CF6E294-1569-4925-97B3-4BDFD807ECCF}.Debug|x64.ActiveCfg = Debug|Any CPU
		{5CF6E294-1569-4925-97B3-4BDFD807ECCF}.Debug|x64.Build.0 = Debug|Any CPU
		{5CF6E294-1569-4925-97B3-4BDFD807ECCF}.Debug|x86.ActiveCfg = Debug|Any CPU
		{5CF6E294-1569-4925-97B3-4BDFD807ECCF}.Debug|x86.Build.0 = Debug|Any CPU
		{5CF6E294-1569-4925-97B3-4BDFD807ECCF}.MinSizeRel|Any CPU.ActiveCfg = Release|Any CPU
		{5CF6E294-1569-4925-97B3-4BDFD807ECCF}.MinSizeRel|Any CPU.Build.0 = Release|Any CPU
		{5CF6E294-1569-4925-97B3-4BDFD807ECCF}.MinSizeRel|x64.ActiveCfg = Release|Any CPU
		{5CF6E294-1569-4925-97B3-4BDFD807ECCF}.MinSizeRel|x64.Build.0 = Release|Any CPU
		{5CF6E294-1569-4925-97B3-4BDFD807ECCF}.MinSizeRel|x86.ActiveCfg = Release|Any CPU
		{5CF6E294-1569-4925-97B3-4BDFD807ECCF}.MinSizeRel|x86.Build.0 = Release|Any CPU
		{5CF6E294-1569-4925-97B3-4BDFD807ECCF}.Release|Any CPU.ActiveCfg = Release|Any CPU
		{5CF6E294-1569-4925-97B3-4BDFD807ECCF}.Release|Any CPU.Build.0 = Release|Any CPU
		{5CF6E294-1569-4925-97B3-4BDFD807ECCF}.Release|x64.ActiveCfg = Release|Any CPU
		{5CF6E294-1569-4925-97B3-4BDFD807ECCF}.Release|x64.Build.0 = Release|Any CPU
		{5CF6E294-1569-4925-97B3-4BDFD807ECCF}.Release|x86.ActiveCfg = Release|Any CPU
		{5CF6E294-1569-4925-97B3-4BDFD807ECCF}.Release|x86.Build.0 = Release|Any CPU
		{5CF6E294-1569-4925-97B3-4BDFD807ECCF}.RelWithDebInfo|Any CPU.ActiveCfg = Release|Any CPU
		{5CF6E294-1569-4925-97B3-4BDFD807ECCF}.RelWithDebInfo|Any CPU.Build.0 = Release|Any CPU
		{5CF6E294-1569-4925-97B3-4BDFD807ECCF}.RelWithDebInfo|x64.ActiveCfg = Release|Any CPU
		{5CF6E294-1569-4925-97B3-4BDFD807ECCF}.RelWithDebInfo|x64.Build.0 = Release|Any CPU
		{5CF6E294-1569-4925-97B3-4BDFD807ECCF}.RelWithDebInfo|x86.ActiveCfg = Release|Any CPU
		{5CF6E294-1569-4925-97B3-4BDFD807ECCF}.RelWithDebInfo|x86.Build.0 = Release|Any CPU
		{DD88454A-E89D-44BC-9D81-C22EDBCA0D0D}.Debug|Any CPU.ActiveCfg = Debug|Any CPU
		{DD88454A-E89D-44BC-9D81-C22EDBCA0D0D}.Debug|Any CPU.Build.0 = Debug|Any CPU
		{DD88454A-E89D-44BC-9D81-C22EDBCA0D0D}.Debug|x64.ActiveCfg = Debug|Any CPU
		{DD88454A-E89D-44BC-9D81-C22EDBCA0D0D}.Debug|x64.Build.0 = Debug|Any CPU
		{DD88454A-E89D-44BC-9D81-C22EDBCA0D0D}.Debug|x86.ActiveCfg = Debug|Any CPU
		{DD88454A-E89D-44BC-9D81-C22EDBCA0D0D}.Debug|x86.Build.0 = Debug|Any CPU
		{DD88454A-E89D-44BC-9D81-C22EDBCA0D0D}.MinSizeRel|Any CPU.ActiveCfg = Release|Any CPU
		{DD88454A-E89D-44BC-9D81-C22EDBCA0D0D}.MinSizeRel|Any CPU.Build.0 = Release|Any CPU
		{DD88454A-E89D-44BC-9D81-C22EDBCA0D0D}.MinSizeRel|x64.ActiveCfg = Release|Any CPU
		{DD88454A-E89D-44BC-9D81-C22EDBCA0D0D}.MinSizeRel|x64.Build.0 = Release|Any CPU
		{DD88454A-E89D-44BC-9D81-C22EDBCA0D0D}.MinSizeRel|x86.ActiveCfg = Release|Any CPU
		{DD88454A-E89D-44BC-9D81-C22EDBCA0D0D}.MinSizeRel|x86.Build.0 = Release|Any CPU
		{DD88454A-E89D-44BC-9D81-C22EDBCA0D0D}.Release|Any CPU.ActiveCfg = Release|Any CPU
		{DD88454A-E89D-44BC-9D81-C22EDBCA0D0D}.Release|Any CPU.Build.0 = Release|Any CPU
		{DD88454A-E89D-44BC-9D81-C22EDBCA0D0D}.Release|x64.ActiveCfg = Release|Any CPU
		{DD88454A-E89D-44BC-9D81-C22EDBCA0D0D}.Release|x64.Build.0 = Release|Any CPU
		{DD88454A-E89D-44BC-9D81-C22EDBCA0D0D}.Release|x86.ActiveCfg = Release|Any CPU
		{DD88454A-E89D-44BC-9D81-C22EDBCA0D0D}.Release|x86.Build.0 = Release|Any CPU
		{DD88454A-E89D-44BC-9D81-C22EDBCA0D0D}.RelWithDebInfo|Any CPU.ActiveCfg = Release|Any CPU
		{DD88454A-E89D-44BC-9D81-C22EDBCA0D0D}.RelWithDebInfo|Any CPU.Build.0 = Release|Any CPU
		{DD88454A-E89D-44BC-9D81-C22EDBCA0D0D}.RelWithDebInfo|x64.ActiveCfg = Release|Any CPU
		{DD88454A-E89D-44BC-9D81-C22EDBCA0D0D}.RelWithDebInfo|x64.Build.0 = Release|Any CPU
		{DD88454A-E89D-44BC-9D81-C22EDBCA0D0D}.RelWithDebInfo|x86.ActiveCfg = Release|Any CPU
		{DD88454A-E89D-44BC-9D81-C22EDBCA0D0D}.RelWithDebInfo|x86.Build.0 = Release|Any CPU
		{CA45F342-9021-40F4-B9FE-9774F28651EC}.Debug|Any CPU.ActiveCfg = Debug|Any CPU
		{CA45F342-9021-40F4-B9FE-9774F28651EC}.Debug|Any CPU.Build.0 = Debug|Any CPU
		{CA45F342-9021-40F4-B9FE-9774F28651EC}.Debug|x64.ActiveCfg = Debug|Any CPU
		{CA45F342-9021-40F4-B9FE-9774F28651EC}.Debug|x64.Build.0 = Debug|Any CPU
		{CA45F342-9021-40F4-B9FE-9774F28651EC}.Debug|x86.ActiveCfg = Debug|Any CPU
		{CA45F342-9021-40F4-B9FE-9774F28651EC}.Debug|x86.Build.0 = Debug|Any CPU
		{CA45F342-9021-40F4-B9FE-9774F28651EC}.MinSizeRel|Any CPU.ActiveCfg = Release|Any CPU
		{CA45F342-9021-40F4-B9FE-9774F28651EC}.MinSizeRel|Any CPU.Build.0 = Release|Any CPU
		{CA45F342-9021-40F4-B9FE-9774F28651EC}.MinSizeRel|x64.ActiveCfg = Release|Any CPU
		{CA45F342-9021-40F4-B9FE-9774F28651EC}.MinSizeRel|x64.Build.0 = Release|Any CPU
		{CA45F342-9021-40F4-B9FE-9774F28651EC}.MinSizeRel|x86.ActiveCfg = Release|Any CPU
		{CA45F342-9021-40F4-B9FE-9774F28651EC}.MinSizeRel|x86.Build.0 = Release|Any CPU
		{CA45F342-9021-40F4-B9FE-9774F28651EC}.Release|Any CPU.ActiveCfg = Release|Any CPU
		{CA45F342-9021-40F4-B9FE-9774F28651EC}.Release|Any CPU.Build.0 = Release|Any CPU
		{CA45F342-9021-40F4-B9FE-9774F28651EC}.Release|x64.ActiveCfg = Release|Any CPU
		{CA45F342-9021-40F4-B9FE-9774F28651EC}.Release|x64.Build.0 = Release|Any CPU
		{CA45F342-9021-40F4-B9FE-9774F28651EC}.Release|x86.ActiveCfg = Release|Any CPU
		{CA45F342-9021-40F4-B9FE-9774F28651EC}.Release|x86.Build.0 = Release|Any CPU
		{CA45F342-9021-40F4-B9FE-9774F28651EC}.RelWithDebInfo|Any CPU.ActiveCfg = Release|Any CPU
		{CA45F342-9021-40F4-B9FE-9774F28651EC}.RelWithDebInfo|Any CPU.Build.0 = Release|Any CPU
		{CA45F342-9021-40F4-B9FE-9774F28651EC}.RelWithDebInfo|x64.ActiveCfg = Release|Any CPU
		{CA45F342-9021-40F4-B9FE-9774F28651EC}.RelWithDebInfo|x64.Build.0 = Release|Any CPU
		{CA45F342-9021-40F4-B9FE-9774F28651EC}.RelWithDebInfo|x86.ActiveCfg = Release|Any CPU
		{CA45F342-9021-40F4-B9FE-9774F28651EC}.RelWithDebInfo|x86.Build.0 = Release|Any CPU
		{CF596D37-CF37-4BC5-9587-F3EBA06D8163}.Debug|Any CPU.ActiveCfg = Debug|Any CPU
		{CF596D37-CF37-4BC5-9587-F3EBA06D8163}.Debug|Any CPU.Build.0 = Debug|Any CPU
		{CF596D37-CF37-4BC5-9587-F3EBA06D8163}.Debug|x64.ActiveCfg = Debug|Any CPU
		{CF596D37-CF37-4BC5-9587-F3EBA06D8163}.Debug|x64.Build.0 = Debug|Any CPU
		{CF596D37-CF37-4BC5-9587-F3EBA06D8163}.Debug|x86.ActiveCfg = Debug|Any CPU
		{CF596D37-CF37-4BC5-9587-F3EBA06D8163}.Debug|x86.Build.0 = Debug|Any CPU
		{CF596D37-CF37-4BC5-9587-F3EBA06D8163}.MinSizeRel|Any CPU.ActiveCfg = Release|Any CPU
		{CF596D37-CF37-4BC5-9587-F3EBA06D8163}.MinSizeRel|Any CPU.Build.0 = Release|Any CPU
		{CF596D37-CF37-4BC5-9587-F3EBA06D8163}.MinSizeRel|x64.ActiveCfg = Release|Any CPU
		{CF596D37-CF37-4BC5-9587-F3EBA06D8163}.MinSizeRel|x64.Build.0 = Release|Any CPU
		{CF596D37-CF37-4BC5-9587-F3EBA06D8163}.MinSizeRel|x86.ActiveCfg = Release|Any CPU
		{CF596D37-CF37-4BC5-9587-F3EBA06D8163}.MinSizeRel|x86.Build.0 = Release|Any CPU
		{CF596D37-CF37-4BC5-9587-F3EBA06D8163}.Release|Any CPU.ActiveCfg = Release|Any CPU
		{CF596D37-CF37-4BC5-9587-F3EBA06D8163}.Release|Any CPU.Build.0 = Release|Any CPU
		{CF596D37-CF37-4BC5-9587-F3EBA06D8163}.Release|x64.ActiveCfg = Release|Any CPU
		{CF596D37-CF37-4BC5-9587-F3EBA06D8163}.Release|x64.Build.0 = Release|Any CPU
		{CF596D37-CF37-4BC5-9587-F3EBA06D8163}.Release|x86.ActiveCfg = Release|Any CPU
		{CF596D37-CF37-4BC5-9587-F3EBA06D8163}.Release|x86.Build.0 = Release|Any CPU
		{CF596D37-CF37-4BC5-9587-F3EBA06D8163}.RelWithDebInfo|Any CPU.ActiveCfg = Release|Any CPU
		{CF596D37-CF37-4BC5-9587-F3EBA06D8163}.RelWithDebInfo|Any CPU.Build.0 = Release|Any CPU
		{CF596D37-CF37-4BC5-9587-F3EBA06D8163}.RelWithDebInfo|x64.ActiveCfg = Release|Any CPU
		{CF596D37-CF37-4BC5-9587-F3EBA06D8163}.RelWithDebInfo|x64.Build.0 = Release|Any CPU
		{CF596D37-CF37-4BC5-9587-F3EBA06D8163}.RelWithDebInfo|x86.ActiveCfg = Release|Any CPU
		{CF596D37-CF37-4BC5-9587-F3EBA06D8163}.RelWithDebInfo|x86.Build.0 = Release|Any CPU
		{62D5D8D0-7844-49BA-BBDC-812414C622F6}.Debug|Any CPU.ActiveCfg = Debug|Win32
		{62D5D8D0-7844-49BA-BBDC-812414C622F6}.Debug|x64.ActiveCfg = Debug|x64
		{62D5D8D0-7844-49BA-BBDC-812414C622F6}.Debug|x64.Build.0 = Debug|x64
		{62D5D8D0-7844-49BA-BBDC-812414C622F6}.Debug|x86.ActiveCfg = Debug|Win32
		{62D5D8D0-7844-49BA-BBDC-812414C622F6}.Debug|x86.Build.0 = Debug|Win32
		{62D5D8D0-7844-49BA-BBDC-812414C622F6}.MinSizeRel|Any CPU.ActiveCfg = Release|x64
		{62D5D8D0-7844-49BA-BBDC-812414C622F6}.MinSizeRel|Any CPU.Build.0 = Release|x64
		{62D5D8D0-7844-49BA-BBDC-812414C622F6}.MinSizeRel|x64.ActiveCfg = Release|x64
		{62D5D8D0-7844-49BA-BBDC-812414C622F6}.MinSizeRel|x64.Build.0 = Release|x64
		{62D5D8D0-7844-49BA-BBDC-812414C622F6}.MinSizeRel|x86.ActiveCfg = Release|Win32
		{62D5D8D0-7844-49BA-BBDC-812414C622F6}.MinSizeRel|x86.Build.0 = Release|Win32
		{62D5D8D0-7844-49BA-BBDC-812414C622F6}.Release|Any CPU.ActiveCfg = Release|Win32
		{62D5D8D0-7844-49BA-BBDC-812414C622F6}.Release|x64.ActiveCfg = Release|x64
		{62D5D8D0-7844-49BA-BBDC-812414C622F6}.Release|x64.Build.0 = Release|x64
		{62D5D8D0-7844-49BA-BBDC-812414C622F6}.Release|x86.ActiveCfg = Release|Win32
		{62D5D8D0-7844-49BA-BBDC-812414C622F6}.Release|x86.Build.0 = Release|Win32
		{62D5D8D0-7844-49BA-BBDC-812414C622F6}.RelWithDebInfo|Any CPU.ActiveCfg = Release|x64
		{62D5D8D0-7844-49BA-BBDC-812414C622F6}.RelWithDebInfo|Any CPU.Build.0 = Release|x64
		{62D5D8D0-7844-49BA-BBDC-812414C622F6}.RelWithDebInfo|x64.ActiveCfg = Release|x64
		{62D5D8D0-7844-49BA-BBDC-812414C622F6}.RelWithDebInfo|x64.Build.0 = Release|x64
		{62D5D8D0-7844-49BA-BBDC-812414C622F6}.RelWithDebInfo|x86.ActiveCfg = Release|Win32
		{62D5D8D0-7844-49BA-BBDC-812414C622F6}.RelWithDebInfo|x86.Build.0 = Release|Win32
		{C83BF423-0CC3-409E-B66E-10C251AD7A50}.Debug|Any CPU.ActiveCfg = Debug|Win32
		{C83BF423-0CC3-409E-B66E-10C251AD7A50}.Debug|x64.ActiveCfg = Debug|x64
		{C83BF423-0CC3-409E-B66E-10C251AD7A50}.Debug|x64.Build.0 = Debug|x64
		{C83BF423-0CC3-409E-B66E-10C251AD7A50}.Debug|x86.ActiveCfg = Debug|Win32
		{C83BF423-0CC3-409E-B66E-10C251AD7A50}.Debug|x86.Build.0 = Debug|Win32
		{C83BF423-0CC3-409E-B66E-10C251AD7A50}.MinSizeRel|Any CPU.ActiveCfg = Release|x64
		{C83BF423-0CC3-409E-B66E-10C251AD7A50}.MinSizeRel|Any CPU.Build.0 = Release|x64
		{C83BF423-0CC3-409E-B66E-10C251AD7A50}.MinSizeRel|x64.ActiveCfg = Release|x64
		{C83BF423-0CC3-409E-B66E-10C251AD7A50}.MinSizeRel|x64.Build.0 = Release|x64
		{C83BF423-0CC3-409E-B66E-10C251AD7A50}.MinSizeRel|x86.ActiveCfg = Release|Win32
		{C83BF423-0CC3-409E-B66E-10C251AD7A50}.MinSizeRel|x86.Build.0 = Release|Win32
		{C83BF423-0CC3-409E-B66E-10C251AD7A50}.Release|Any CPU.ActiveCfg = Release|Win32
		{C83BF423-0CC3-409E-B66E-10C251AD7A50}.Release|x64.ActiveCfg = Release|x64
		{C83BF423-0CC3-409E-B66E-10C251AD7A50}.Release|x64.Build.0 = Release|x64
		{C83BF423-0CC3-409E-B66E-10C251AD7A50}.Release|x86.ActiveCfg = Release|Win32
		{C83BF423-0CC3-409E-B66E-10C251AD7A50}.Release|x86.Build.0 = Release|Win32
		{C83BF423-0CC3-409E-B66E-10C251AD7A50}.RelWithDebInfo|Any CPU.ActiveCfg = Release|x64
		{C83BF423-0CC3-409E-B66E-10C251AD7A50}.RelWithDebInfo|Any CPU.Build.0 = Release|x64
		{C83BF423-0CC3-409E-B66E-10C251AD7A50}.RelWithDebInfo|x64.ActiveCfg = Release|x64
		{C83BF423-0CC3-409E-B66E-10C251AD7A50}.RelWithDebInfo|x64.Build.0 = Release|x64
		{C83BF423-0CC3-409E-B66E-10C251AD7A50}.RelWithDebInfo|x86.ActiveCfg = Release|Win32
		{C83BF423-0CC3-409E-B66E-10C251AD7A50}.RelWithDebInfo|x86.Build.0 = Release|Win32
		{FA2C7D12-1AAB-436B-A7A6-A267D8B4FC43}.Debug|Any CPU.ActiveCfg = Debug|Any CPU
		{FA2C7D12-1AAB-436B-A7A6-A267D8B4FC43}.Debug|Any CPU.Build.0 = Debug|Any CPU
		{FA2C7D12-1AAB-436B-A7A6-A267D8B4FC43}.Debug|x64.ActiveCfg = Debug|Any CPU
		{FA2C7D12-1AAB-436B-A7A6-A267D8B4FC43}.Debug|x64.Build.0 = Debug|Any CPU
		{FA2C7D12-1AAB-436B-A7A6-A267D8B4FC43}.Debug|x86.ActiveCfg = Debug|Any CPU
		{FA2C7D12-1AAB-436B-A7A6-A267D8B4FC43}.Debug|x86.Build.0 = Debug|Any CPU
		{FA2C7D12-1AAB-436B-A7A6-A267D8B4FC43}.MinSizeRel|Any CPU.ActiveCfg = Debug|Any CPU
		{FA2C7D12-1AAB-436B-A7A6-A267D8B4FC43}.MinSizeRel|Any CPU.Build.0 = Debug|Any CPU
		{FA2C7D12-1AAB-436B-A7A6-A267D8B4FC43}.MinSizeRel|x64.ActiveCfg = Debug|Any CPU
		{FA2C7D12-1AAB-436B-A7A6-A267D8B4FC43}.MinSizeRel|x64.Build.0 = Debug|Any CPU
		{FA2C7D12-1AAB-436B-A7A6-A267D8B4FC43}.MinSizeRel|x86.ActiveCfg = Debug|Any CPU
		{FA2C7D12-1AAB-436B-A7A6-A267D8B4FC43}.MinSizeRel|x86.Build.0 = Debug|Any CPU
		{FA2C7D12-1AAB-436B-A7A6-A267D8B4FC43}.Release|Any CPU.ActiveCfg = Release|Any CPU
		{FA2C7D12-1AAB-436B-A7A6-A267D8B4FC43}.Release|Any CPU.Build.0 = Release|Any CPU
		{FA2C7D12-1AAB-436B-A7A6-A267D8B4FC43}.Release|x64.ActiveCfg = Release|Any CPU
		{FA2C7D12-1AAB-436B-A7A6-A267D8B4FC43}.Release|x64.Build.0 = Release|Any CPU
		{FA2C7D12-1AAB-436B-A7A6-A267D8B4FC43}.Release|x86.ActiveCfg = Release|Any CPU
		{FA2C7D12-1AAB-436B-A7A6-A267D8B4FC43}.Release|x86.Build.0 = Release|Any CPU
		{FA2C7D12-1AAB-436B-A7A6-A267D8B4FC43}.RelWithDebInfo|Any CPU.ActiveCfg = Release|Any CPU
		{FA2C7D12-1AAB-436B-A7A6-A267D8B4FC43}.RelWithDebInfo|Any CPU.Build.0 = Release|Any CPU
		{FA2C7D12-1AAB-436B-A7A6-A267D8B4FC43}.RelWithDebInfo|x64.ActiveCfg = Release|Any CPU
		{FA2C7D12-1AAB-436B-A7A6-A267D8B4FC43}.RelWithDebInfo|x64.Build.0 = Release|Any CPU
		{FA2C7D12-1AAB-436B-A7A6-A267D8B4FC43}.RelWithDebInfo|x86.ActiveCfg = Release|Any CPU
		{FA2C7D12-1AAB-436B-A7A6-A267D8B4FC43}.RelWithDebInfo|x86.Build.0 = Release|Any CPU
		{51E0A093-6D3C-43F4-9484-87B040851835}.Debug|Any CPU.ActiveCfg = Debug|Any CPU
		{51E0A093-6D3C-43F4-9484-87B040851835}.Debug|Any CPU.Build.0 = Debug|Any CPU
		{51E0A093-6D3C-43F4-9484-87B040851835}.Debug|x64.ActiveCfg = Debug|Any CPU
		{51E0A093-6D3C-43F4-9484-87B040851835}.Debug|x64.Build.0 = Debug|Any CPU
		{51E0A093-6D3C-43F4-9484-87B040851835}.Debug|x86.ActiveCfg = Debug|Any CPU
		{51E0A093-6D3C-43F4-9484-87B040851835}.Debug|x86.Build.0 = Debug|Any CPU
		{51E0A093-6D3C-43F4-9484-87B040851835}.MinSizeRel|Any CPU.ActiveCfg = Debug|Any CPU
		{51E0A093-6D3C-43F4-9484-87B040851835}.MinSizeRel|Any CPU.Build.0 = Debug|Any CPU
		{51E0A093-6D3C-43F4-9484-87B040851835}.MinSizeRel|x64.ActiveCfg = Debug|Any CPU
		{51E0A093-6D3C-43F4-9484-87B040851835}.MinSizeRel|x64.Build.0 = Debug|Any CPU
		{51E0A093-6D3C-43F4-9484-87B040851835}.MinSizeRel|x86.ActiveCfg = Debug|Any CPU
		{51E0A093-6D3C-43F4-9484-87B040851835}.MinSizeRel|x86.Build.0 = Debug|Any CPU
		{51E0A093-6D3C-43F4-9484-87B040851835}.Release|Any CPU.ActiveCfg = Release|Any CPU
		{51E0A093-6D3C-43F4-9484-87B040851835}.Release|Any CPU.Build.0 = Release|Any CPU
		{51E0A093-6D3C-43F4-9484-87B040851835}.Release|x64.ActiveCfg = Release|Any CPU
		{51E0A093-6D3C-43F4-9484-87B040851835}.Release|x64.Build.0 = Release|Any CPU
		{51E0A093-6D3C-43F4-9484-87B040851835}.Release|x86.ActiveCfg = Release|Any CPU
		{51E0A093-6D3C-43F4-9484-87B040851835}.Release|x86.Build.0 = Release|Any CPU
		{51E0A093-6D3C-43F4-9484-87B040851835}.RelWithDebInfo|Any CPU.ActiveCfg = Release|Any CPU
		{51E0A093-6D3C-43F4-9484-87B040851835}.RelWithDebInfo|Any CPU.Build.0 = Release|Any CPU
		{51E0A093-6D3C-43F4-9484-87B040851835}.RelWithDebInfo|x64.ActiveCfg = Release|Any CPU
		{51E0A093-6D3C-43F4-9484-87B040851835}.RelWithDebInfo|x64.Build.0 = Release|Any CPU
		{51E0A093-6D3C-43F4-9484-87B040851835}.RelWithDebInfo|x86.ActiveCfg = Release|Any CPU
		{51E0A093-6D3C-43F4-9484-87B040851835}.RelWithDebInfo|x86.Build.0 = Release|Any CPU
		{379898D7-E088-4C2C-81FB-E87E5F8692A0}.Debug|Any CPU.ActiveCfg = Debug|Any CPU
		{379898D7-E088-4C2C-81FB-E87E5F8692A0}.Debug|Any CPU.Build.0 = Debug|Any CPU
		{379898D7-E088-4C2C-81FB-E87E5F8692A0}.Debug|x64.ActiveCfg = Debug|Any CPU
		{379898D7-E088-4C2C-81FB-E87E5F8692A0}.Debug|x64.Build.0 = Debug|Any CPU
		{379898D7-E088-4C2C-81FB-E87E5F8692A0}.Debug|x86.ActiveCfg = Debug|Any CPU
		{379898D7-E088-4C2C-81FB-E87E5F8692A0}.Debug|x86.Build.0 = Debug|Any CPU
		{379898D7-E088-4C2C-81FB-E87E5F8692A0}.MinSizeRel|Any CPU.ActiveCfg = Debug|Any CPU
		{379898D7-E088-4C2C-81FB-E87E5F8692A0}.MinSizeRel|Any CPU.Build.0 = Debug|Any CPU
		{379898D7-E088-4C2C-81FB-E87E5F8692A0}.MinSizeRel|x64.ActiveCfg = Debug|Any CPU
		{379898D7-E088-4C2C-81FB-E87E5F8692A0}.MinSizeRel|x64.Build.0 = Debug|Any CPU
		{379898D7-E088-4C2C-81FB-E87E5F8692A0}.MinSizeRel|x86.ActiveCfg = Debug|Any CPU
		{379898D7-E088-4C2C-81FB-E87E5F8692A0}.MinSizeRel|x86.Build.0 = Debug|Any CPU
		{379898D7-E088-4C2C-81FB-E87E5F8692A0}.Release|Any CPU.ActiveCfg = Release|Any CPU
		{379898D7-E088-4C2C-81FB-E87E5F8692A0}.Release|Any CPU.Build.0 = Release|Any CPU
		{379898D7-E088-4C2C-81FB-E87E5F8692A0}.Release|x64.ActiveCfg = Release|Any CPU
		{379898D7-E088-4C2C-81FB-E87E5F8692A0}.Release|x64.Build.0 = Release|Any CPU
		{379898D7-E088-4C2C-81FB-E87E5F8692A0}.Release|x86.ActiveCfg = Release|Any CPU
		{379898D7-E088-4C2C-81FB-E87E5F8692A0}.Release|x86.Build.0 = Release|Any CPU
		{379898D7-E088-4C2C-81FB-E87E5F8692A0}.RelWithDebInfo|Any CPU.ActiveCfg = Release|Any CPU
		{379898D7-E088-4C2C-81FB-E87E5F8692A0}.RelWithDebInfo|Any CPU.Build.0 = Release|Any CPU
		{379898D7-E088-4C2C-81FB-E87E5F8692A0}.RelWithDebInfo|x64.ActiveCfg = Release|Any CPU
		{379898D7-E088-4C2C-81FB-E87E5F8692A0}.RelWithDebInfo|x64.Build.0 = Release|Any CPU
		{379898D7-E088-4C2C-81FB-E87E5F8692A0}.RelWithDebInfo|x86.ActiveCfg = Release|Any CPU
		{379898D7-E088-4C2C-81FB-E87E5F8692A0}.RelWithDebInfo|x86.Build.0 = Release|Any CPU
		{FB8660AC-A217-415A-9E00-548A5F78B494}.Debug|Any CPU.ActiveCfg = Debug|Any CPU
		{FB8660AC-A217-415A-9E00-548A5F78B494}.Debug|Any CPU.Build.0 = Debug|Any CPU
		{FB8660AC-A217-415A-9E00-548A5F78B494}.Debug|x64.ActiveCfg = Debug|Any CPU
		{FB8660AC-A217-415A-9E00-548A5F78B494}.Debug|x64.Build.0 = Debug|Any CPU
		{FB8660AC-A217-415A-9E00-548A5F78B494}.Debug|x86.ActiveCfg = Debug|Any CPU
		{FB8660AC-A217-415A-9E00-548A5F78B494}.Debug|x86.Build.0 = Debug|Any CPU
		{FB8660AC-A217-415A-9E00-548A5F78B494}.MinSizeRel|Any CPU.ActiveCfg = Debug|Any CPU
		{FB8660AC-A217-415A-9E00-548A5F78B494}.MinSizeRel|Any CPU.Build.0 = Debug|Any CPU
		{FB8660AC-A217-415A-9E00-548A5F78B494}.MinSizeRel|x64.ActiveCfg = Debug|Any CPU
		{FB8660AC-A217-415A-9E00-548A5F78B494}.MinSizeRel|x64.Build.0 = Debug|Any CPU
		{FB8660AC-A217-415A-9E00-548A5F78B494}.MinSizeRel|x86.ActiveCfg = Debug|Any CPU
		{FB8660AC-A217-415A-9E00-548A5F78B494}.MinSizeRel|x86.Build.0 = Debug|Any CPU
		{FB8660AC-A217-415A-9E00-548A5F78B494}.Release|Any CPU.ActiveCfg = Release|Any CPU
		{FB8660AC-A217-415A-9E00-548A5F78B494}.Release|Any CPU.Build.0 = Release|Any CPU
		{FB8660AC-A217-415A-9E00-548A5F78B494}.Release|x64.ActiveCfg = Release|Any CPU
		{FB8660AC-A217-415A-9E00-548A5F78B494}.Release|x64.Build.0 = Release|Any CPU
		{FB8660AC-A217-415A-9E00-548A5F78B494}.Release|x86.ActiveCfg = Release|Any CPU
		{FB8660AC-A217-415A-9E00-548A5F78B494}.Release|x86.Build.0 = Release|Any CPU
		{FB8660AC-A217-415A-9E00-548A5F78B494}.RelWithDebInfo|Any CPU.ActiveCfg = Release|Any CPU
		{FB8660AC-A217-415A-9E00-548A5F78B494}.RelWithDebInfo|Any CPU.Build.0 = Release|Any CPU
		{FB8660AC-A217-415A-9E00-548A5F78B494}.RelWithDebInfo|x64.ActiveCfg = Release|Any CPU
		{FB8660AC-A217-415A-9E00-548A5F78B494}.RelWithDebInfo|x64.Build.0 = Release|Any CPU
		{FB8660AC-A217-415A-9E00-548A5F78B494}.RelWithDebInfo|x86.ActiveCfg = Release|Any CPU
		{FB8660AC-A217-415A-9E00-548A5F78B494}.RelWithDebInfo|x86.Build.0 = Release|Any CPU
		{515FE35D-8579-4F15-AE76-EAEB308E5870}.Debug|Any CPU.ActiveCfg = Debug|Any CPU
		{515FE35D-8579-4F15-AE76-EAEB308E5870}.Debug|Any CPU.Build.0 = Debug|Any CPU
		{515FE35D-8579-4F15-AE76-EAEB308E5870}.Debug|x64.ActiveCfg = Debug|Any CPU
		{515FE35D-8579-4F15-AE76-EAEB308E5870}.Debug|x64.Build.0 = Debug|Any CPU
		{515FE35D-8579-4F15-AE76-EAEB308E5870}.Debug|x86.ActiveCfg = Debug|Any CPU
		{515FE35D-8579-4F15-AE76-EAEB308E5870}.Debug|x86.Build.0 = Debug|Any CPU
		{515FE35D-8579-4F15-AE76-EAEB308E5870}.MinSizeRel|Any CPU.ActiveCfg = Debug|Any CPU
		{515FE35D-8579-4F15-AE76-EAEB308E5870}.MinSizeRel|Any CPU.Build.0 = Debug|Any CPU
		{515FE35D-8579-4F15-AE76-EAEB308E5870}.MinSizeRel|x64.ActiveCfg = Debug|Any CPU
		{515FE35D-8579-4F15-AE76-EAEB308E5870}.MinSizeRel|x64.Build.0 = Debug|Any CPU
		{515FE35D-8579-4F15-AE76-EAEB308E5870}.MinSizeRel|x86.ActiveCfg = Debug|Any CPU
		{515FE35D-8579-4F15-AE76-EAEB308E5870}.MinSizeRel|x86.Build.0 = Debug|Any CPU
		{515FE35D-8579-4F15-AE76-EAEB308E5870}.Release|Any CPU.ActiveCfg = Release|Any CPU
		{515FE35D-8579-4F15-AE76-EAEB308E5870}.Release|Any CPU.Build.0 = Release|Any CPU
		{515FE35D-8579-4F15-AE76-EAEB308E5870}.Release|x64.ActiveCfg = Release|Any CPU
		{515FE35D-8579-4F15-AE76-EAEB308E5870}.Release|x64.Build.0 = Release|Any CPU
		{515FE35D-8579-4F15-AE76-EAEB308E5870}.Release|x86.ActiveCfg = Release|Any CPU
		{515FE35D-8579-4F15-AE76-EAEB308E5870}.Release|x86.Build.0 = Release|Any CPU
		{515FE35D-8579-4F15-AE76-EAEB308E5870}.RelWithDebInfo|Any CPU.ActiveCfg = Release|Any CPU
		{515FE35D-8579-4F15-AE76-EAEB308E5870}.RelWithDebInfo|Any CPU.Build.0 = Release|Any CPU
		{515FE35D-8579-4F15-AE76-EAEB308E5870}.RelWithDebInfo|x64.ActiveCfg = Release|Any CPU
		{515FE35D-8579-4F15-AE76-EAEB308E5870}.RelWithDebInfo|x64.Build.0 = Release|Any CPU
		{515FE35D-8579-4F15-AE76-EAEB308E5870}.RelWithDebInfo|x86.ActiveCfg = Release|Any CPU
		{515FE35D-8579-4F15-AE76-EAEB308E5870}.RelWithDebInfo|x86.Build.0 = Release|Any CPU
		{42B51C04-62E9-41E7-8639-2E91CF98172F}.Debug|Any CPU.ActiveCfg = Debug|Any CPU
		{42B51C04-62E9-41E7-8639-2E91CF98172F}.Debug|Any CPU.Build.0 = Debug|Any CPU
		{42B51C04-62E9-41E7-8639-2E91CF98172F}.Debug|x64.ActiveCfg = Debug|Any CPU
		{42B51C04-62E9-41E7-8639-2E91CF98172F}.Debug|x64.Build.0 = Debug|Any CPU
		{42B51C04-62E9-41E7-8639-2E91CF98172F}.Debug|x86.ActiveCfg = Debug|Any CPU
		{42B51C04-62E9-41E7-8639-2E91CF98172F}.Debug|x86.Build.0 = Debug|Any CPU
		{42B51C04-62E9-41E7-8639-2E91CF98172F}.MinSizeRel|Any CPU.ActiveCfg = Debug|Any CPU
		{42B51C04-62E9-41E7-8639-2E91CF98172F}.MinSizeRel|Any CPU.Build.0 = Debug|Any CPU
		{42B51C04-62E9-41E7-8639-2E91CF98172F}.MinSizeRel|x64.ActiveCfg = Debug|Any CPU
		{42B51C04-62E9-41E7-8639-2E91CF98172F}.MinSizeRel|x64.Build.0 = Debug|Any CPU
		{42B51C04-62E9-41E7-8639-2E91CF98172F}.MinSizeRel|x86.ActiveCfg = Debug|Any CPU
		{42B51C04-62E9-41E7-8639-2E91CF98172F}.MinSizeRel|x86.Build.0 = Debug|Any CPU
		{42B51C04-62E9-41E7-8639-2E91CF98172F}.Release|Any CPU.ActiveCfg = Release|Any CPU
		{42B51C04-62E9-41E7-8639-2E91CF98172F}.Release|Any CPU.Build.0 = Release|Any CPU
		{42B51C04-62E9-41E7-8639-2E91CF98172F}.Release|x64.ActiveCfg = Release|Any CPU
		{42B51C04-62E9-41E7-8639-2E91CF98172F}.Release|x64.Build.0 = Release|Any CPU
		{42B51C04-62E9-41E7-8639-2E91CF98172F}.Release|x86.ActiveCfg = Release|Any CPU
		{42B51C04-62E9-41E7-8639-2E91CF98172F}.Release|x86.Build.0 = Release|Any CPU
		{42B51C04-62E9-41E7-8639-2E91CF98172F}.RelWithDebInfo|Any CPU.ActiveCfg = Release|Any CPU
		{42B51C04-62E9-41E7-8639-2E91CF98172F}.RelWithDebInfo|Any CPU.Build.0 = Release|Any CPU
		{42B51C04-62E9-41E7-8639-2E91CF98172F}.RelWithDebInfo|x64.ActiveCfg = Release|Any CPU
		{42B51C04-62E9-41E7-8639-2E91CF98172F}.RelWithDebInfo|x64.Build.0 = Release|Any CPU
		{42B51C04-62E9-41E7-8639-2E91CF98172F}.RelWithDebInfo|x86.ActiveCfg = Release|Any CPU
		{42B51C04-62E9-41E7-8639-2E91CF98172F}.RelWithDebInfo|x86.Build.0 = Release|Any CPU
		{533D8A6F-4EE2-4581-BE92-55620DDE5308}.Debug|Any CPU.ActiveCfg = Debug|Any CPU
		{533D8A6F-4EE2-4581-BE92-55620DDE5308}.Debug|Any CPU.Build.0 = Debug|Any CPU
		{533D8A6F-4EE2-4581-BE92-55620DDE5308}.Debug|x64.ActiveCfg = Debug|Any CPU
		{533D8A6F-4EE2-4581-BE92-55620DDE5308}.Debug|x64.Build.0 = Debug|Any CPU
		{533D8A6F-4EE2-4581-BE92-55620DDE5308}.Debug|x86.ActiveCfg = Debug|Any CPU
		{533D8A6F-4EE2-4581-BE92-55620DDE5308}.Debug|x86.Build.0 = Debug|Any CPU
		{533D8A6F-4EE2-4581-BE92-55620DDE5308}.MinSizeRel|Any CPU.ActiveCfg = Debug|Any CPU
		{533D8A6F-4EE2-4581-BE92-55620DDE5308}.MinSizeRel|Any CPU.Build.0 = Debug|Any CPU
		{533D8A6F-4EE2-4581-BE92-55620DDE5308}.MinSizeRel|x64.ActiveCfg = Debug|Any CPU
		{533D8A6F-4EE2-4581-BE92-55620DDE5308}.MinSizeRel|x64.Build.0 = Debug|Any CPU
		{533D8A6F-4EE2-4581-BE92-55620DDE5308}.MinSizeRel|x86.ActiveCfg = Debug|Any CPU
		{533D8A6F-4EE2-4581-BE92-55620DDE5308}.MinSizeRel|x86.Build.0 = Debug|Any CPU
		{533D8A6F-4EE2-4581-BE92-55620DDE5308}.Release|Any CPU.ActiveCfg = Release|Any CPU
		{533D8A6F-4EE2-4581-BE92-55620DDE5308}.Release|Any CPU.Build.0 = Release|Any CPU
		{533D8A6F-4EE2-4581-BE92-55620DDE5308}.Release|x64.ActiveCfg = Release|Any CPU
		{533D8A6F-4EE2-4581-BE92-55620DDE5308}.Release|x64.Build.0 = Release|Any CPU
		{533D8A6F-4EE2-4581-BE92-55620DDE5308}.Release|x86.ActiveCfg = Release|Any CPU
		{533D8A6F-4EE2-4581-BE92-55620DDE5308}.Release|x86.Build.0 = Release|Any CPU
		{533D8A6F-4EE2-4581-BE92-55620DDE5308}.RelWithDebInfo|Any CPU.ActiveCfg = Release|Any CPU
		{533D8A6F-4EE2-4581-BE92-55620DDE5308}.RelWithDebInfo|Any CPU.Build.0 = Release|Any CPU
		{533D8A6F-4EE2-4581-BE92-55620DDE5308}.RelWithDebInfo|x64.ActiveCfg = Release|Any CPU
		{533D8A6F-4EE2-4581-BE92-55620DDE5308}.RelWithDebInfo|x64.Build.0 = Release|Any CPU
		{533D8A6F-4EE2-4581-BE92-55620DDE5308}.RelWithDebInfo|x86.ActiveCfg = Release|Any CPU
		{533D8A6F-4EE2-4581-BE92-55620DDE5308}.RelWithDebInfo|x86.Build.0 = Release|Any CPU
		{F5E228B2-34E4-4314-B191-F61FFDF86996}.Debug|Any CPU.ActiveCfg = Debug|Any CPU
		{F5E228B2-34E4-4314-B191-F61FFDF86996}.Debug|Any CPU.Build.0 = Debug|Any CPU
		{F5E228B2-34E4-4314-B191-F61FFDF86996}.Debug|x64.ActiveCfg = Debug|Any CPU
		{F5E228B2-34E4-4314-B191-F61FFDF86996}.Debug|x64.Build.0 = Debug|Any CPU
		{F5E228B2-34E4-4314-B191-F61FFDF86996}.Debug|x86.ActiveCfg = Debug|Any CPU
		{F5E228B2-34E4-4314-B191-F61FFDF86996}.Debug|x86.Build.0 = Debug|Any CPU
		{F5E228B2-34E4-4314-B191-F61FFDF86996}.MinSizeRel|Any CPU.ActiveCfg = Debug|Any CPU
		{F5E228B2-34E4-4314-B191-F61FFDF86996}.MinSizeRel|Any CPU.Build.0 = Debug|Any CPU
		{F5E228B2-34E4-4314-B191-F61FFDF86996}.MinSizeRel|x64.ActiveCfg = Debug|Any CPU
		{F5E228B2-34E4-4314-B191-F61FFDF86996}.MinSizeRel|x64.Build.0 = Debug|Any CPU
		{F5E228B2-34E4-4314-B191-F61FFDF86996}.MinSizeRel|x86.ActiveCfg = Debug|Any CPU
		{F5E228B2-34E4-4314-B191-F61FFDF86996}.MinSizeRel|x86.Build.0 = Debug|Any CPU
		{F5E228B2-34E4-4314-B191-F61FFDF86996}.Release|Any CPU.ActiveCfg = Release|Any CPU
		{F5E228B2-34E4-4314-B191-F61FFDF86996}.Release|Any CPU.Build.0 = Release|Any CPU
		{F5E228B2-34E4-4314-B191-F61FFDF86996}.Release|x64.ActiveCfg = Release|Any CPU
		{F5E228B2-34E4-4314-B191-F61FFDF86996}.Release|x64.Build.0 = Release|Any CPU
		{F5E228B2-34E4-4314-B191-F61FFDF86996}.Release|x86.ActiveCfg = Release|Any CPU
		{F5E228B2-34E4-4314-B191-F61FFDF86996}.Release|x86.Build.0 = Release|Any CPU
		{F5E228B2-34E4-4314-B191-F61FFDF86996}.RelWithDebInfo|Any CPU.ActiveCfg = Release|Any CPU
		{F5E228B2-34E4-4314-B191-F61FFDF86996}.RelWithDebInfo|Any CPU.Build.0 = Release|Any CPU
		{F5E228B2-34E4-4314-B191-F61FFDF86996}.RelWithDebInfo|x64.ActiveCfg = Release|Any CPU
		{F5E228B2-34E4-4314-B191-F61FFDF86996}.RelWithDebInfo|x64.Build.0 = Release|Any CPU
		{F5E228B2-34E4-4314-B191-F61FFDF86996}.RelWithDebInfo|x86.ActiveCfg = Release|Any CPU
		{F5E228B2-34E4-4314-B191-F61FFDF86996}.RelWithDebInfo|x86.Build.0 = Release|Any CPU
		{82456F84-84DF-4F35-8E79-5F2F0A2824E6}.Debug|Any CPU.ActiveCfg = Debug|Any CPU
		{82456F84-84DF-4F35-8E79-5F2F0A2824E6}.Debug|Any CPU.Build.0 = Debug|Any CPU
		{82456F84-84DF-4F35-8E79-5F2F0A2824E6}.Debug|x64.ActiveCfg = Debug|Any CPU
		{82456F84-84DF-4F35-8E79-5F2F0A2824E6}.Debug|x64.Build.0 = Debug|Any CPU
		{82456F84-84DF-4F35-8E79-5F2F0A2824E6}.Debug|x86.ActiveCfg = Debug|Any CPU
		{82456F84-84DF-4F35-8E79-5F2F0A2824E6}.Debug|x86.Build.0 = Debug|Any CPU
		{82456F84-84DF-4F35-8E79-5F2F0A2824E6}.MinSizeRel|Any CPU.ActiveCfg = Debug|Any CPU
		{82456F84-84DF-4F35-8E79-5F2F0A2824E6}.MinSizeRel|Any CPU.Build.0 = Debug|Any CPU
		{82456F84-84DF-4F35-8E79-5F2F0A2824E6}.MinSizeRel|x64.ActiveCfg = Debug|Any CPU
		{82456F84-84DF-4F35-8E79-5F2F0A2824E6}.MinSizeRel|x64.Build.0 = Debug|Any CPU
		{82456F84-84DF-4F35-8E79-5F2F0A2824E6}.MinSizeRel|x86.ActiveCfg = Debug|Any CPU
		{82456F84-84DF-4F35-8E79-5F2F0A2824E6}.MinSizeRel|x86.Build.0 = Debug|Any CPU
		{82456F84-84DF-4F35-8E79-5F2F0A2824E6}.Release|Any CPU.ActiveCfg = Release|Any CPU
		{82456F84-84DF-4F35-8E79-5F2F0A2824E6}.Release|Any CPU.Build.0 = Release|Any CPU
		{82456F84-84DF-4F35-8E79-5F2F0A2824E6}.Release|x64.ActiveCfg = Release|Any CPU
		{82456F84-84DF-4F35-8E79-5F2F0A2824E6}.Release|x64.Build.0 = Release|Any CPU
		{82456F84-84DF-4F35-8E79-5F2F0A2824E6}.Release|x86.ActiveCfg = Release|Any CPU
		{82456F84-84DF-4F35-8E79-5F2F0A2824E6}.Release|x86.Build.0 = Release|Any CPU
		{82456F84-84DF-4F35-8E79-5F2F0A2824E6}.RelWithDebInfo|Any CPU.ActiveCfg = Release|Any CPU
		{82456F84-84DF-4F35-8E79-5F2F0A2824E6}.RelWithDebInfo|Any CPU.Build.0 = Release|Any CPU
		{82456F84-84DF-4F35-8E79-5F2F0A2824E6}.RelWithDebInfo|x64.ActiveCfg = Release|Any CPU
		{82456F84-84DF-4F35-8E79-5F2F0A2824E6}.RelWithDebInfo|x64.Build.0 = Release|Any CPU
		{82456F84-84DF-4F35-8E79-5F2F0A2824E6}.RelWithDebInfo|x86.ActiveCfg = Release|Any CPU
		{82456F84-84DF-4F35-8E79-5F2F0A2824E6}.RelWithDebInfo|x86.Build.0 = Release|Any CPU
		{026144CC-1130-47C8-B3C7-A3DF52CC4DB7}.Debug|Any CPU.ActiveCfg = Debug|Any CPU
		{026144CC-1130-47C8-B3C7-A3DF52CC4DB7}.Debug|Any CPU.Build.0 = Debug|Any CPU
		{026144CC-1130-47C8-B3C7-A3DF52CC4DB7}.Debug|x64.ActiveCfg = Debug|Any CPU
		{026144CC-1130-47C8-B3C7-A3DF52CC4DB7}.Debug|x64.Build.0 = Debug|Any CPU
		{026144CC-1130-47C8-B3C7-A3DF52CC4DB7}.Debug|x86.ActiveCfg = Debug|Any CPU
		{026144CC-1130-47C8-B3C7-A3DF52CC4DB7}.Debug|x86.Build.0 = Debug|Any CPU
		{026144CC-1130-47C8-B3C7-A3DF52CC4DB7}.MinSizeRel|Any CPU.ActiveCfg = Debug|Any CPU
		{026144CC-1130-47C8-B3C7-A3DF52CC4DB7}.MinSizeRel|Any CPU.Build.0 = Debug|Any CPU
		{026144CC-1130-47C8-B3C7-A3DF52CC4DB7}.MinSizeRel|x64.ActiveCfg = Debug|Any CPU
		{026144CC-1130-47C8-B3C7-A3DF52CC4DB7}.MinSizeRel|x64.Build.0 = Debug|Any CPU
		{026144CC-1130-47C8-B3C7-A3DF52CC4DB7}.MinSizeRel|x86.ActiveCfg = Debug|Any CPU
		{026144CC-1130-47C8-B3C7-A3DF52CC4DB7}.MinSizeRel|x86.Build.0 = Debug|Any CPU
		{026144CC-1130-47C8-B3C7-A3DF52CC4DB7}.Release|Any CPU.ActiveCfg = Release|Any CPU
		{026144CC-1130-47C8-B3C7-A3DF52CC4DB7}.Release|Any CPU.Build.0 = Release|Any CPU
		{026144CC-1130-47C8-B3C7-A3DF52CC4DB7}.Release|x64.ActiveCfg = Release|Any CPU
		{026144CC-1130-47C8-B3C7-A3DF52CC4DB7}.Release|x64.Build.0 = Release|Any CPU
		{026144CC-1130-47C8-B3C7-A3DF52CC4DB7}.Release|x86.ActiveCfg = Release|Any CPU
		{026144CC-1130-47C8-B3C7-A3DF52CC4DB7}.Release|x86.Build.0 = Release|Any CPU
		{026144CC-1130-47C8-B3C7-A3DF52CC4DB7}.RelWithDebInfo|Any CPU.ActiveCfg = Release|Any CPU
		{026144CC-1130-47C8-B3C7-A3DF52CC4DB7}.RelWithDebInfo|Any CPU.Build.0 = Release|Any CPU
		{026144CC-1130-47C8-B3C7-A3DF52CC4DB7}.RelWithDebInfo|x64.ActiveCfg = Release|Any CPU
		{026144CC-1130-47C8-B3C7-A3DF52CC4DB7}.RelWithDebInfo|x64.Build.0 = Release|Any CPU
		{026144CC-1130-47C8-B3C7-A3DF52CC4DB7}.RelWithDebInfo|x86.ActiveCfg = Release|Any CPU
		{026144CC-1130-47C8-B3C7-A3DF52CC4DB7}.RelWithDebInfo|x86.Build.0 = Release|Any CPU
		{76C3E27B-F974-4A0A-BCEB-4934803DFA7D}.Debug|Any CPU.ActiveCfg = Debug|Any CPU
		{76C3E27B-F974-4A0A-BCEB-4934803DFA7D}.Debug|Any CPU.Build.0 = Debug|Any CPU
		{76C3E27B-F974-4A0A-BCEB-4934803DFA7D}.Debug|x64.ActiveCfg = Debug|Any CPU
		{76C3E27B-F974-4A0A-BCEB-4934803DFA7D}.Debug|x64.Build.0 = Debug|Any CPU
		{76C3E27B-F974-4A0A-BCEB-4934803DFA7D}.Debug|x86.ActiveCfg = Debug|Any CPU
		{76C3E27B-F974-4A0A-BCEB-4934803DFA7D}.Debug|x86.Build.0 = Debug|Any CPU
		{76C3E27B-F974-4A0A-BCEB-4934803DFA7D}.MinSizeRel|Any CPU.ActiveCfg = Debug|Any CPU
		{76C3E27B-F974-4A0A-BCEB-4934803DFA7D}.MinSizeRel|Any CPU.Build.0 = Debug|Any CPU
		{76C3E27B-F974-4A0A-BCEB-4934803DFA7D}.MinSizeRel|x64.ActiveCfg = Debug|Any CPU
		{76C3E27B-F974-4A0A-BCEB-4934803DFA7D}.MinSizeRel|x64.Build.0 = Debug|Any CPU
		{76C3E27B-F974-4A0A-BCEB-4934803DFA7D}.MinSizeRel|x86.ActiveCfg = Debug|Any CPU
		{76C3E27B-F974-4A0A-BCEB-4934803DFA7D}.MinSizeRel|x86.Build.0 = Debug|Any CPU
		{76C3E27B-F974-4A0A-BCEB-4934803DFA7D}.Release|Any CPU.ActiveCfg = Release|Any CPU
		{76C3E27B-F974-4A0A-BCEB-4934803DFA7D}.Release|Any CPU.Build.0 = Release|Any CPU
		{76C3E27B-F974-4A0A-BCEB-4934803DFA7D}.Release|x64.ActiveCfg = Release|Any CPU
		{76C3E27B-F974-4A0A-BCEB-4934803DFA7D}.Release|x64.Build.0 = Release|Any CPU
		{76C3E27B-F974-4A0A-BCEB-4934803DFA7D}.Release|x86.ActiveCfg = Release|Any CPU
		{76C3E27B-F974-4A0A-BCEB-4934803DFA7D}.Release|x86.Build.0 = Release|Any CPU
		{76C3E27B-F974-4A0A-BCEB-4934803DFA7D}.RelWithDebInfo|Any CPU.ActiveCfg = Release|Any CPU
		{76C3E27B-F974-4A0A-BCEB-4934803DFA7D}.RelWithDebInfo|Any CPU.Build.0 = Release|Any CPU
		{76C3E27B-F974-4A0A-BCEB-4934803DFA7D}.RelWithDebInfo|x64.ActiveCfg = Release|Any CPU
		{76C3E27B-F974-4A0A-BCEB-4934803DFA7D}.RelWithDebInfo|x64.Build.0 = Release|Any CPU
		{76C3E27B-F974-4A0A-BCEB-4934803DFA7D}.RelWithDebInfo|x86.ActiveCfg = Release|Any CPU
		{76C3E27B-F974-4A0A-BCEB-4934803DFA7D}.RelWithDebInfo|x86.Build.0 = Release|Any CPU
		{D13FB0EB-7AFA-46BE-AFE0-3227153B5CCD}.Debug|Any CPU.ActiveCfg = Debug|Any CPU
		{D13FB0EB-7AFA-46BE-AFE0-3227153B5CCD}.Debug|Any CPU.Build.0 = Debug|Any CPU
		{D13FB0EB-7AFA-46BE-AFE0-3227153B5CCD}.Debug|x64.ActiveCfg = Debug|Any CPU
		{D13FB0EB-7AFA-46BE-AFE0-3227153B5CCD}.Debug|x64.Build.0 = Debug|Any CPU
		{D13FB0EB-7AFA-46BE-AFE0-3227153B5CCD}.Debug|x86.ActiveCfg = Debug|Any CPU
		{D13FB0EB-7AFA-46BE-AFE0-3227153B5CCD}.Debug|x86.Build.0 = Debug|Any CPU
		{D13FB0EB-7AFA-46BE-AFE0-3227153B5CCD}.MinSizeRel|Any CPU.ActiveCfg = Debug|Any CPU
		{D13FB0EB-7AFA-46BE-AFE0-3227153B5CCD}.MinSizeRel|Any CPU.Build.0 = Debug|Any CPU
		{D13FB0EB-7AFA-46BE-AFE0-3227153B5CCD}.MinSizeRel|x64.ActiveCfg = Debug|Any CPU
		{D13FB0EB-7AFA-46BE-AFE0-3227153B5CCD}.MinSizeRel|x64.Build.0 = Debug|Any CPU
		{D13FB0EB-7AFA-46BE-AFE0-3227153B5CCD}.MinSizeRel|x86.ActiveCfg = Debug|Any CPU
		{D13FB0EB-7AFA-46BE-AFE0-3227153B5CCD}.MinSizeRel|x86.Build.0 = Debug|Any CPU
		{D13FB0EB-7AFA-46BE-AFE0-3227153B5CCD}.Release|Any CPU.ActiveCfg = Release|Any CPU
		{D13FB0EB-7AFA-46BE-AFE0-3227153B5CCD}.Release|Any CPU.Build.0 = Release|Any CPU
		{D13FB0EB-7AFA-46BE-AFE0-3227153B5CCD}.Release|x64.ActiveCfg = Release|Any CPU
		{D13FB0EB-7AFA-46BE-AFE0-3227153B5CCD}.Release|x64.Build.0 = Release|Any CPU
		{D13FB0EB-7AFA-46BE-AFE0-3227153B5CCD}.Release|x86.ActiveCfg = Release|Any CPU
		{D13FB0EB-7AFA-46BE-AFE0-3227153B5CCD}.Release|x86.Build.0 = Release|Any CPU
		{D13FB0EB-7AFA-46BE-AFE0-3227153B5CCD}.RelWithDebInfo|Any CPU.ActiveCfg = Release|Any CPU
		{D13FB0EB-7AFA-46BE-AFE0-3227153B5CCD}.RelWithDebInfo|Any CPU.Build.0 = Release|Any CPU
		{D13FB0EB-7AFA-46BE-AFE0-3227153B5CCD}.RelWithDebInfo|x64.ActiveCfg = Release|Any CPU
		{D13FB0EB-7AFA-46BE-AFE0-3227153B5CCD}.RelWithDebInfo|x64.Build.0 = Release|Any CPU
		{D13FB0EB-7AFA-46BE-AFE0-3227153B5CCD}.RelWithDebInfo|x86.ActiveCfg = Release|Any CPU
		{D13FB0EB-7AFA-46BE-AFE0-3227153B5CCD}.RelWithDebInfo|x86.Build.0 = Release|Any CPU
		{9B78BE18-2170-4678-B956-B420AA2A8AD5}.Debug|Any CPU.ActiveCfg = Debug|Any CPU
		{9B78BE18-2170-4678-B956-B420AA2A8AD5}.Debug|Any CPU.Build.0 = Debug|Any CPU
		{9B78BE18-2170-4678-B956-B420AA2A8AD5}.Debug|x64.ActiveCfg = Debug|x64
		{9B78BE18-2170-4678-B956-B420AA2A8AD5}.Debug|x64.Build.0 = Debug|x64
		{9B78BE18-2170-4678-B956-B420AA2A8AD5}.Debug|x86.ActiveCfg = Debug|Any CPU
		{9B78BE18-2170-4678-B956-B420AA2A8AD5}.Debug|x86.Build.0 = Debug|Any CPU
		{9B78BE18-2170-4678-B956-B420AA2A8AD5}.MinSizeRel|Any CPU.ActiveCfg = Debug|Any CPU
		{9B78BE18-2170-4678-B956-B420AA2A8AD5}.MinSizeRel|Any CPU.Build.0 = Debug|Any CPU
		{9B78BE18-2170-4678-B956-B420AA2A8AD5}.MinSizeRel|x64.ActiveCfg = Debug|x64
		{9B78BE18-2170-4678-B956-B420AA2A8AD5}.MinSizeRel|x64.Build.0 = Debug|x64
		{9B78BE18-2170-4678-B956-B420AA2A8AD5}.MinSizeRel|x86.ActiveCfg = Debug|Any CPU
		{9B78BE18-2170-4678-B956-B420AA2A8AD5}.MinSizeRel|x86.Build.0 = Debug|Any CPU
		{9B78BE18-2170-4678-B956-B420AA2A8AD5}.Release|Any CPU.ActiveCfg = Release|Any CPU
		{9B78BE18-2170-4678-B956-B420AA2A8AD5}.Release|Any CPU.Build.0 = Release|Any CPU
		{9B78BE18-2170-4678-B956-B420AA2A8AD5}.Release|x64.ActiveCfg = Release|x64
		{9B78BE18-2170-4678-B956-B420AA2A8AD5}.Release|x64.Build.0 = Release|x64
		{9B78BE18-2170-4678-B956-B420AA2A8AD5}.Release|x86.ActiveCfg = Release|Any CPU
		{9B78BE18-2170-4678-B956-B420AA2A8AD5}.Release|x86.Build.0 = Release|Any CPU
		{9B78BE18-2170-4678-B956-B420AA2A8AD5}.RelWithDebInfo|Any CPU.ActiveCfg = Release|Any CPU
		{9B78BE18-2170-4678-B956-B420AA2A8AD5}.RelWithDebInfo|Any CPU.Build.0 = Release|Any CPU
		{9B78BE18-2170-4678-B956-B420AA2A8AD5}.RelWithDebInfo|x64.ActiveCfg = Release|x64
		{9B78BE18-2170-4678-B956-B420AA2A8AD5}.RelWithDebInfo|x64.Build.0 = Release|x64
		{9B78BE18-2170-4678-B956-B420AA2A8AD5}.RelWithDebInfo|x86.ActiveCfg = Release|Any CPU
		{9B78BE18-2170-4678-B956-B420AA2A8AD5}.RelWithDebInfo|x86.Build.0 = Release|Any CPU
	EndGlobalSection
	GlobalSection(SolutionProperties) = preSolution
		HideSolutionNode = FALSE
	EndGlobalSection
	GlobalSection(ExtensibilityGlobals) = postSolution
		SolutionGuid = {C79CCB6C-6B1F-4F50-8E04-9D3165D33FC8}
	EndGlobalSection
EndGlobal
