
Microsoft Visual Studio Solution File, Format Version 12.00
# Visual Studio Version 17
VisualStudioVersion = 17.8.34408.163
MinimumVisualStudioVersion = 10.0.40219.1
Project("{FAE04EC0-301F-11D3-BF4B-00C04F79EFBC}") = "Logserver", "Logserver\Logserver.csproj", "{1351D003-EA91-4BD6-8A0E-93C6E8C08FCD}"
EndProject
Project("{9A19103F-16F7-4668-BE54-9A1E7A4F7556}") = "Utils", "..\Slibs\Utils\Utils.csproj", "{E74D88AE-29B4-49A6-96CB-FAC004249AF8}"
EndProject
Project("{9A19103F-16F7-4668-BE54-9A1E7A4F7556}") = "SLibGlobals", "..\Slibs\SLibGlobals\SLibGlobals.csproj", "{B725825C-5E3E-42E8-8EE4-DEA0F172BE80}"
EndProject
Global
	GlobalSection(SolutionConfigurationPlatforms) = preSolution
		Debug|Any CPU = Debug|Any CPU
		Debug|x64 = Debug|x64
		Release|Any CPU = Release|Any CPU
		Release|x64 = Release|x64
	EndGlobalSection
	GlobalSection(ProjectConfigurationPlatforms) = postSolution
		{1351D003-EA91-4BD6-8A0E-93C6E8C08FCD}.Debug|Any CPU.ActiveCfg = Debug|x64
		{1351D003-EA91-4BD6-8A0E-93C6E8C08FCD}.Debug|Any CPU.Build.0 = Debug|x64
		{1351D003-EA91-4BD6-8A0E-93C6E8C08FCD}.Debug|x64.ActiveCfg = Debug|x64
		{1351D003-EA91-4BD6-8A0E-93C6E8C08FCD}.Debug|x64.Build.0 = Debug|x64
		{1351D003-EA91-4BD6-8A0E-93C6E8C08FCD}.Release|Any CPU.ActiveCfg = Release|Any CPU
		{1351D003-EA91-4BD6-8A0E-93C6E8C08FCD}.Release|Any CPU.Build.0 = Release|Any CPU
		{1351D003-EA91-4BD6-8A0E-93C6E8C08FCD}.Release|x64.ActiveCfg = Release|x64
		{1351D003-EA91-4BD6-8A0E-93C6E8C08FCD}.Release|x64.Build.0 = Release|x64
		{E74D88AE-29B4-49A6-96CB-FAC004249AF8}.Debug|Any CPU.ActiveCfg = Debug|Any CPU
		{E74D88AE-29B4-49A6-96CB-FAC004249AF8}.Debug|Any CPU.Build.0 = Debug|Any CPU
		{E74D88AE-29B4-49A6-96CB-FAC004249AF8}.Debug|x64.ActiveCfg = Debug|x64
		{E74D88AE-29B4-49A6-96CB-FAC004249AF8}.Debug|x64.Build.0 = Debug|x64
		{E74D88AE-29B4-49A6-96CB-FAC004249AF8}.Release|Any CPU.ActiveCfg = Release|Any CPU
		{E74D88AE-29B4-49A6-96CB-FAC004249AF8}.Release|Any CPU.Build.0 = Release|Any CPU
		{E74D88AE-29B4-49A6-96CB-FAC004249AF8}.Release|x64.ActiveCfg = Release|x64
		{E74D88AE-29B4-49A6-96CB-FAC004249AF8}.Release|x64.Build.0 = Release|x64
		{B725825C-5E3E-42E8-8EE4-DEA0F172BE80}.Debug|Any CPU.ActiveCfg = Debug|Any CPU
		{B725825C-5E3E-42E8-8EE4-DEA0F172BE80}.Debug|Any CPU.Build.0 = Debug|Any CPU
		{B725825C-5E3E-42E8-8EE4-DEA0F172BE80}.Debug|x64.ActiveCfg = Debug|x64
		{B725825C-5E3E-42E8-8EE4-DEA0F172BE80}.Debug|x64.Build.0 = Debug|x64
		{B725825C-5E3E-42E8-8EE4-DEA0F172BE80}.Release|Any CPU.ActiveCfg = Release|Any CPU
		{B725825C-5E3E-42E8-8EE4-DEA0F172BE80}.Release|Any CPU.Build.0 = Release|Any CPU
		{B725825C-5E3E-42E8-8EE4-DEA0F172BE80}.Release|x64.ActiveCfg = Release|x64
		{B725825C-5E3E-42E8-8EE4-DEA0F172BE80}.Release|x64.Build.0 = Release|x64
	EndGlobalSection
	GlobalSection(SolutionProperties) = preSolution
		HideSolutionNode = FALSE
	EndGlobalSection
	GlobalSection(ExtensibilityGlobals) = postSolution
		SolutionGuid = {D50C395A-FAE8-42D9-89A8-9EB4F6BF0F8E}
	EndGlobalSection
EndGlobal
